
Microsoft Visual Studio Solution File, Format Version 12.00
# Visual Studio 15
VisualStudioVersion = 15.0.26730.16
MinimumVisualStudioVersion = 10.0.40219.1
Project("{FAE04EC0-301F-11D3-BF4B-00C04F79EFBC}") = "WpfApp1", "WpfApp1\WpfApp1.csproj", "{3A257332-6C1C-4C80-8638-25B96417D2F1}"
EndProject
Global
	GlobalSection(SolutionConfigurationPlatforms) = preSolution
		Debug|Any CPU = Debug|Any CPU
		Release|Any CPU = Release|Any CPU
	EndGlobalSection
	GlobalSection(ProjectConfigurationPlatforms) = postSolution
		{3A257332-6C1C-4C80-8638-25B96417D2F1}.Debug|Any CPU.ActiveCfg = Debug|Any CPU
		{3A257332-6C1C-4C80-8638-25B96417D2F1}.Debug|Any CPU.Build.0 = Debug|Any CPU
		{3A257332-6C1C-4C80-8638-25B96417D2F1}.Release|Any CPU.ActiveCfg = Release|Any CPU
		{3A257332-6C1C-4C80-8638-25B96417D2F1}.Release|Any CPU.Build.0 = Release|Any CPU
	EndGlobalSection
	GlobalSection(SolutionProperties) = preSolution
		HideSolutionNode = FALSE
	EndGlobalSection
	GlobalSection(ExtensibilityGlobals) = postSolution
		SolutionGuid = {DF04D762-8EAF-4A6B-A1D7-D751FAE8EFB1}
	EndGlobalSection
EndGlobal
